# @generated - this file is auto-generated by `mise lock` https://mise.en.dev/dev-tools/mise-lock.html

[[tools.act]]
version = "0.2.89"
backend = "aqua:nektos/act"

[tools.act."platforms.linux-arm64"]
checksum = "sha256:daa8679ba9615a74d2d0cec321dc593f21948a2a11bb65862b063d8b930f4bcb"
url = "https://github.com/nektos/act/releases/download/v0.2.89/act_Linux_arm64.tar.gz"

[tools.act."platforms.linux-arm64-musl"]
checksum = "sha256:daa8679ba9615a74d2d0cec321dc593f21948a2a11bb65862b063d8b930f4bcb"
url = "https://github.com/nektos/act/releases/download/v0.2.89/act_Linux_arm64.tar.gz"

[tools.act."platforms.linux-x64"]
checksum = "sha256:0191d6f1f3b716b5c55820032605d05fc3c1cdbf581ebeff655019e5dd1524c0"
url = "https://github.com/nektos/act/releases/download/v0.2.89/act_Linux_x86_64.tar.gz"

[tools.act."platforms.linux-x64-baseline"]
checksum = "sha256:0191d6f1f3b716b5c55820032605d05fc3c1cdbf581ebeff655019e5dd1524c0"
url = "https://github.com/nektos/act/releases/download/v0.2.89/act_Linux_x86_64.tar.gz"

[tools.act."platforms.linux-x64-musl"]
checksum = "sha256:0191d6f1f3b716b5c55820032605d05fc3c1cdbf581ebeff655019e5dd1524c0"
url = "https://github.com/nektos/act/releases/download/v0.2.89/act_Linux_x86_64.tar.gz"

[tools.act."platforms.linux-x64-musl-baseline"]
checksum = "sha256:0191d6f1f3b716b5c55820032605d05fc3c1cdbf581ebeff655019e5dd1524c0"
url = "https://github.com/nektos/act/releases/download/v0.2.89/act_Linux_x86_64.tar.gz"

[tools.act."platforms.macos-arm64"]
checksum = "sha256:48ae218af96725f7635a66de2b87e1e346893b02add0f16b92f560296b2151fc"
url = "https://github.com/nektos/act/releases/download/v0.2.89/act_Darwin_arm64.tar.gz"

[tools.act."platforms.macos-x64"]
checksum = "sha256:41b31488e7c254baec31cce12c7dade3e35973b8a31b9486206ad43f233d814e"
url = "https://github.com/nektos/act/releases/download/v0.2.89/act_Darwin_x86_64.tar.gz"

[tools.act."platforms.macos-x64-baseline"]
checksum = "sha256:41b31488e7c254baec31cce12c7dade3e35973b8a31b9486206ad43f233d814e"
url = "https://github.com/nektos/act/releases/download/v0.2.89/act_Darwin_x86_64.tar.gz"

[tools.act."platforms.windows-x64"]
checksum = "sha256:0f8cf866ad7e32421a219fc551a0a0ea5d12ead464de12ebfeafd334a5973b50"
url = "https://github.com/nektos/act/releases/download/v0.2.89/act_Windows_x86_64.zip"

[tools.act."platforms.windows-x64-baseline"]
checksum = "sha256:0f8cf866ad7e32421a219fc551a0a0ea5d12ead464de12ebfeafd334a5973b50"
url = "https://github.com/nektos/act/releases/download/v0.2.89/act_Windows_x86_64.zip"

[[tools.actionlint]]
version = "1.7.12"
backend = "aqua:rhysd/actionlint"

[tools.actionlint."platforms.linux-arm64"]
checksum = "sha256:325e971b6ba9bfa504672e29be93c24981eeb1c07576d730e9f7c8805afff0c6"
url = "https://github.com/rhysd/actionlint/releases/download/v1.7.12/actionlint_1.7.12_linux_arm64.tar.gz"
provenance = "github-attestations"

[tools.actionlint."platforms.linux-arm64-musl"]
checksum = "sha256:325e971b6ba9bfa504672e29be93c24981eeb1c07576d730e9f7c8805afff0c6"
url = "https://github.com/rhysd/actionlint/releases/download/v1.7.12/actionlint_1.7.12_linux_arm64.tar.gz"
provenance = "github-attestations"

[tools.actionlint."platforms.linux-x64"]
checksum = "sha256:8aca8db96f1b94770f1b0d72b6dddcb1ebb8123cb3712530b08cc387b349a3d8"
url = "https://github.com/rhysd/actionlint/releases/download/v1.7.12/actionlint_1.7.12_linux_amd64.tar.gz"
provenance = "github-attestations"

[tools.actionlint."platforms.linux-x64-baseline"]
checksum = "sha256:8aca8db96f1b94770f1b0d72b6dddcb1ebb8123cb3712530b08cc387b349a3d8"
url = "https://github.com/rhysd/actionlint/releases/download/v1.7.12/actionlint_1.7.12_linux_amd64.tar.gz"
provenance = "github-attestations"

[tools.actionlint."platforms.linux-x64-musl"]
checksum = "sha256:8aca8db96f1b94770f1b0d72b6dddcb1ebb8123cb3712530b08cc387b349a3d8"
url = "https://github.com/rhysd/actionlint/releases/download/v1.7.12/actionlint_1.7.12_linux_amd64.tar.gz"
provenance = "github-attestations"

[tools.actionlint."platforms.linux-x64-musl-baseline"]
checksum = "sha256:8aca8db96f1b94770f1b0d72b6dddcb1ebb8123cb3712530b08cc387b349a3d8"
url = "https://github.com/rhysd/actionlint/releases/download/v1.7.12/actionlint_1.7.12_linux_amd64.tar.gz"
provenance = "github-attestations"

[tools.actionlint."platforms.macos-arm64"]
checksum = "sha256:aba9ced2dee8d27fecca3dc7feb1a7f9a52caefa1eb46f3271ea66b6e0e6953f"
url = "https://github.com/rhysd/actionlint/releases/download/v1.7.12/actionlint_1.7.12_darwin_arm64.tar.gz"
provenance = "github-attestations"

[tools.actionlint."platforms.macos-x64"]
checksum = "sha256:5b44c3bc2255115c9b69e30efc0fecdf498fdb63c5d58e17084fd5f16324c644"
url = "https://github.com/rhysd/actionlint/releases/download/v1.7.12/actionlint_1.7.12_darwin_amd64.tar.gz"
provenance = "github-attestations"

[tools.actionlint."platforms.macos-x64-baseline"]
checksum = "sha256:5b44c3bc2255115c9b69e30efc0fecdf498fdb63c5d58e17084fd5f16324c644"
url = "https://github.com/rhysd/actionlint/releases/download/v1.7.12/actionlint_1.7.12_darwin_amd64.tar.gz"
provenance = "github-attestations"

[tools.actionlint."platforms.windows-x64"]
checksum = "sha256:6e7241b51e6817ea6a047693d8e6fed13b31819c9a0dd6c5a726e1592d22f6e9"
url = "https://github.com/rhysd/actionlint/releases/download/v1.7.12/actionlint_1.7.12_windows_amd64.zip"
provenance = "github-attestations"

[tools.actionlint."platforms.windows-x64-baseline"]
checksum = "sha256:6e7241b51e6817ea6a047693d8e6fed13b31819c9a0dd6c5a726e1592d22f6e9"
url = "https://github.com/rhysd/actionlint/releases/download/v1.7.12/actionlint_1.7.12_windows_amd64.zip"
provenance = "github-attestations"

[[tools.bun]]
version = "1.3.14"
backend = "core:bun"

[tools.bun."platforms.linux-arm64"]
checksum = "sha256:a27ffb63a8310375836e0d6f668ae17fa8d8d18b88c37c821c65331973a19a3b"
url = "https://github.com/oven-sh/bun/releases/download/bun-v1.3.14/bun-linux-aarch64.zip"

[tools.bun."platforms.linux-arm64-musl"]
checksum = "sha256:b98e0ad3625c5c00d1d5b5ff55605c7adddbfae151861e68ade57b2d3b8703bb"
url = "https://github.com/oven-sh/bun/releases/download/bun-v1.3.14/bun-linux-aarch64-musl.zip"

[tools.bun."platforms.linux-x64"]
checksum = "sha256:951ee2aee855f08595aeec6225226a298d3fea83a3dcd6465c09cbccdf7e848f"
url = "https://github.com/oven-sh/bun/releases/download/bun-v1.3.14/bun-linux-x64.zip"

[tools.bun."platforms.linux-x64-baseline"]
checksum = "sha256:a063908ae08b7852ca10939bbdc6ceed3ddabce8fb9402dce83d65d73b36e6c7"
url = "https://github.com/oven-sh/bun/releases/download/bun-v1.3.14/bun-linux-x64-baseline.zip"

[tools.bun."platforms.linux-x64-musl"]
checksum = "sha256:14bd9aedeebf1dba67e8def9531c89bc989ecfdf1de42e5bfcaf1b8cd9294719"
url = "https://github.com/oven-sh/bun/releases/download/bun-v1.3.14/bun-linux-x64-musl.zip"

[tools.bun."platforms.linux-x64-musl-baseline"]
checksum = "sha256:56a7d6806cf155536c0178f0ea5fbd098e684fa509ebdb4fc0a7e19fb65382dc"
url = "https://github.com/oven-sh/bun/releases/download/bun-v1.3.14/bun-linux-x64-musl-baseline.zip"

[tools.bun."platforms.macos-arm64"]
checksum = "sha256:d8b96221828ad6f97ac7ac0ab7e95872341af763001e8803e8267652c2652620"
url = "https://github.com/oven-sh/bun/releases/download/bun-v1.3.14/bun-darwin-aarch64.zip"

[tools.bun."platforms.macos-x64"]
checksum = "sha256:4183df3374623e5bab315c547cfa0974533cd457d86b73b639f7a87974cd6633"
url = "https://github.com/oven-sh/bun/releases/download/bun-v1.3.14/bun-darwin-x64.zip"

[tools.bun."platforms.macos-x64-baseline"]
checksum = "sha256:3e35ad6f53971a9834bf9e6786e2adf72b5f1921cc9a9c5fde073d2972944076"
url = "https://github.com/oven-sh/bun/releases/download/bun-v1.3.14/bun-darwin-x64-baseline.zip"

[tools.bun."platforms.windows-x64"]
checksum = "sha256:0a0620930b6675d7ba440e81f4e0e00d3cfbe096c4b140d3fff02205e9e18922"
url = "https://github.com/oven-sh/bun/releases/download/bun-v1.3.14/bun-windows-x64.zip"

[tools.bun."platforms.windows-x64-baseline"]
checksum = "sha256:538f9c846355d9e847b2671bc00c47da4229a0befb24df3282b739770f3b475f"
url = "https://github.com/oven-sh/bun/releases/download/bun-v1.3.14/bun-windows-x64-baseline.zip"

[[tools.bun]]
version = "1.3.10"
backend = "core:bun"

[tools.bun."platforms.linux-arm64"]
checksum = "sha256:fa5ecb25cafa8e8f5c87a0f833719d46dd0af0a86c7837d806531212d55636d3"
url = "https://github.com/oven-sh/bun/releases/download/bun-v1.3.10/bun-linux-aarch64.zip"

[tools.bun."platforms.linux-arm64-musl"]
checksum = "sha256:d2c81365a2e529b78a42330d3a0056e8dbd7896b4a6782c8e392b6532141e34d"
url = "https://github.com/oven-sh/bun/releases/download/bun-v1.3.10/bun-linux-aarch64-musl.zip"

[tools.bun."platforms.linux-x64"]
checksum = "sha256:f57bc0187e39623de716ba3a389fda5486b2d7be7131a980ba54dc7b733d2e08"
url = "https://github.com/oven-sh/bun/releases/download/bun-v1.3.10/bun-linux-x64.zip"

[tools.bun."platforms.linux-x64-baseline"]
checksum = "sha256:41201a8c5ee74a9dcbb1ce25a1104f1f929838b57a845aa78d98379b0ce7cde2"
url = "https://github.com/oven-sh/bun/releases/download/bun-v1.3.10/bun-linux-x64-baseline.zip"

[tools.bun."platforms.linux-x64-musl"]
checksum = "sha256:48a6c32277d343db0148ce066336472ffd380358a4d26bb1329714742492d824"
url = "https://github.com/oven-sh/bun/releases/download/bun-v1.3.10/bun-linux-x64-musl.zip"

[tools.bun."platforms.linux-x64-musl-baseline"]
checksum = "sha256:a7bc4cdea1ef255a83adbf39c7aafcd30e09f2b8f74deec4b10ee318bc024d1f"
url = "https://github.com/oven-sh/bun/releases/download/bun-v1.3.10/bun-linux-x64-musl-baseline.zip"

[tools.bun."platforms.macos-arm64"]
checksum = "sha256:82034e87c9d9b4398ea619aee2eed5d2a68c8157e9a6ae2d1052d84d533ccd8d"
url = "https://github.com/oven-sh/bun/releases/download/bun-v1.3.10/bun-darwin-aarch64.zip"

[tools.bun."platforms.macos-x64"]
checksum = "sha256:c1d90bf6140f20e572c473065dc6b37a4b036349b5e9e4133779cc642ad94323"
url = "https://github.com/oven-sh/bun/releases/download/bun-v1.3.10/bun-darwin-x64.zip"

[tools.bun."platforms.macos-x64-baseline"]
checksum = "sha256:f9686c4e4e760db4cde77a0f1fad05e552648b9c9cbfa4f7fc9a7ec26b9f3267"
url = "https://github.com/oven-sh/bun/releases/download/bun-v1.3.10/bun-darwin-x64-baseline.zip"

[tools.bun."platforms.windows-x64"]
checksum = "sha256:7a77b3e245e2e26965c93089a4a1332e8a326d3364c89fae1d1fd99cdd3cd73d"
url = "https://github.com/oven-sh/bun/releases/download/bun-v1.3.10/bun-windows-x64.zip"

[tools.bun."platforms.windows-x64-baseline"]
checksum = "sha256:715709c69b176e20994533d3292bd0b7c32de9c0c5575b916746ec6b2aa38346"
url = "https://github.com/oven-sh/bun/releases/download/bun-v1.3.10/bun-windows-x64-baseline.zip"

[[tools.cargo-binstall]]
version = "1.20.1"
backend = "aqua:cargo-bins/cargo-binstall"

[tools.cargo-binstall."platforms.linux-arm64"]
checksum = "sha256:23679581c4cfa1782953264a6e36965198aed995b3a5287550dd78a113ce2288"
url = "https://github.com/cargo-bins/cargo-binstall/releases/download/v1.20.1/cargo-binstall-aarch64-unknown-linux-musl.tgz"
provenance = "github-attestations"

[tools.cargo-binstall."platforms.linux-arm64-musl"]
checksum = "sha256:23679581c4cfa1782953264a6e36965198aed995b3a5287550dd78a113ce2288"
url = "https://github.com/cargo-bins/cargo-binstall/releases/download/v1.20.1/cargo-binstall-aarch64-unknown-linux-musl.tgz"
provenance = "github-attestations"

[tools.cargo-binstall."platforms.linux-x64"]
checksum = "sha256:f12954bc382e1d0b2df3fbfb217a05d92c25570e4517841e0613499a24f4594e"
url = "https://github.com/cargo-bins/cargo-binstall/releases/download/v1.20.1/cargo-binstall-x86_64-unknown-linux-musl.tgz"
provenance = "github-attestations"

[tools.cargo-binstall."platforms.linux-x64-baseline"]
checksum = "sha256:f12954bc382e1d0b2df3fbfb217a05d92c25570e4517841e0613499a24f4594e"
url = "https://github.com/cargo-bins/cargo-binstall/releases/download/v1.20.1/cargo-binstall-x86_64-unknown-linux-musl.tgz"
provenance = "github-attestations"

[tools.cargo-binstall."platforms.linux-x64-musl"]
checksum = "sha256:f12954bc382e1d0b2df3fbfb217a05d92c25570e4517841e0613499a24f4594e"
url = "https://github.com/cargo-bins/cargo-binstall/releases/download/v1.20.1/cargo-binstall-x86_64-unknown-linux-musl.tgz"
provenance = "github-attestations"

[tools.cargo-binstall."platforms.linux-x64-musl-baseline"]
checksum = "sha256:f12954bc382e1d0b2df3fbfb217a05d92c25570e4517841e0613499a24f4594e"
url = "https://github.com/cargo-bins/cargo-binstall/releases/download/v1.20.1/cargo-binstall-x86_64-unknown-linux-musl.tgz"
provenance = "github-attestations"

[tools.cargo-binstall."platforms.macos-arm64"]
checksum = "sha256:691c4fda20d2e58920dc056e4eb7dacec6de448bb547aca17b0ae819716ebef6"
url = "https://github.com/cargo-bins/cargo-binstall/releases/download/v1.20.1/cargo-binstall-aarch64-apple-darwin.zip"
provenance = "github-attestations"

[tools.cargo-binstall."platforms.macos-x64"]
checksum = "sha256:349f5ec5f8b996e990993c90c504211321d8bf839e11e409e8fa3b628eefc56f"
url = "https://github.com/cargo-bins/cargo-binstall/releases/download/v1.20.1/cargo-binstall-x86_64-apple-darwin.zip"
provenance = "github-attestations"

[tools.cargo-binstall."platforms.macos-x64-baseline"]
checksum = "sha256:349f5ec5f8b996e990993c90c504211321d8bf839e11e409e8fa3b628eefc56f"
url = "https://github.com/cargo-bins/cargo-binstall/releases/download/v1.20.1/cargo-binstall-x86_64-apple-darwin.zip"
provenance = "github-attestations"

[tools.cargo-binstall."platforms.windows-x64"]
checksum = "sha256:89123c22482e2503a5fa861fa30cd61c59c708a97e8550143c1a11de98ae2658"
url = "https://github.com/cargo-bins/cargo-binstall/releases/download/v1.20.1/cargo-binstall-x86_64-pc-windows-msvc.zip"
provenance = "github-attestations"

[tools.cargo-binstall."platforms.windows-x64-baseline"]
checksum = "sha256:89123c22482e2503a5fa861fa30cd61c59c708a97e8550143c1a11de98ae2658"
url = "https://github.com/cargo-bins/cargo-binstall/releases/download/v1.20.1/cargo-binstall-x86_64-pc-windows-msvc.zip"
provenance = "github-attestations"

[[tools.cargo-insta]]
version = "1.48.0"
backend = "aqua:mitsuhiko/insta"

[tools.cargo-insta."platforms.linux-x64"]
checksum = "sha256:703aa7d151ae59cac0bf8e7c2c27da4aca8070f3cb178f624ae10621ef77f5f5"
url = "https://github.com/mitsuhiko/insta/releases/download/1.48.0/cargo-insta-x86_64-unknown-linux-musl.tar.xz"

[tools.cargo-insta."platforms.linux-x64-baseline"]
checksum = "sha256:703aa7d151ae59cac0bf8e7c2c27da4aca8070f3cb178f624ae10621ef77f5f5"
url = "https://github.com/mitsuhiko/insta/releases/download/1.48.0/cargo-insta-x86_64-unknown-linux-musl.tar.xz"

[tools.cargo-insta."platforms.linux-x64-musl"]
checksum = "sha256:703aa7d151ae59cac0bf8e7c2c27da4aca8070f3cb178f624ae10621ef77f5f5"
url = "https://github.com/mitsuhiko/insta/releases/download/1.48.0/cargo-insta-x86_64-unknown-linux-musl.tar.xz"

[tools.cargo-insta."platforms.linux-x64-musl-baseline"]
checksum = "sha256:703aa7d151ae59cac0bf8e7c2c27da4aca8070f3cb178f624ae10621ef77f5f5"
url = "https://github.com/mitsuhiko/insta/releases/download/1.48.0/cargo-insta-x86_64-unknown-linux-musl.tar.xz"

[tools.cargo-insta."platforms.macos-arm64"]
checksum = "sha256:26f081f5bf62d1dc03aae9c4137188d66a2debe6bcaf2884f2153fcb6eda27cb"
url = "https://github.com/mitsuhiko/insta/releases/download/1.48.0/cargo-insta-aarch64-apple-darwin.tar.xz"

[tools.cargo-insta."platforms.macos-x64"]
checksum = "sha256:e2d6d6fa4bcb30f7d4834f6254a6da7f2982a9e9a3882695aca5e83d64231267"
url = "https://github.com/mitsuhiko/insta/releases/download/1.48.0/cargo-insta-x86_64-apple-darwin.tar.xz"

[tools.cargo-insta."platforms.macos-x64-baseline"]
checksum = "sha256:e2d6d6fa4bcb30f7d4834f6254a6da7f2982a9e9a3882695aca5e83d64231267"
url = "https://github.com/mitsuhiko/insta/releases/download/1.48.0/cargo-insta-x86_64-apple-darwin.tar.xz"

[tools.cargo-insta."platforms.windows-x64"]
checksum = "sha256:7e23929588aaf5daff1e93bfc4addca7ccf55195444e84552b6588c9d864642e"
url = "https://github.com/mitsuhiko/insta/releases/download/1.48.0/cargo-insta-x86_64-pc-windows-msvc.zip"

[tools.cargo-insta."platforms.windows-x64-baseline"]
checksum = "sha256:7e23929588aaf5daff1e93bfc4addca7ccf55195444e84552b6588c9d864642e"
url = "https://github.com/mitsuhiko/insta/releases/download/1.48.0/cargo-insta-x86_64-pc-windows-msvc.zip"

[[tools."cargo:cargo-audit"]]
version = "0.22.2"
backend = "cargo:cargo-audit"

[[tools."cargo:cargo-auditable"]]
version = "0.7.4"
backend = "cargo:cargo-auditable"

[[tools."cargo:cargo-cyclonedx"]]
version = "0.5.9"
backend = "cargo:cargo-cyclonedx"

[[tools."cargo:cargo-deny"]]
version = "0.19.9"
backend = "cargo:cargo-deny"

[[tools."cargo:cargo-dist"]]
version = "0.32.0"
backend = "cargo:cargo-dist"

[[tools."cargo:cargo-llvm-cov"]]
version = "0.8.7"
backend = "cargo:cargo-llvm-cov"

[[tools."cargo:cargo-nextest"]]
version = "0.9.138"
backend = "cargo:cargo-nextest"

[[tools."cargo:cargo-outdated"]]
version = "0.19.0"
backend = "cargo:cargo-outdated"

[[tools."cargo:cargo-release"]]
version = "1.1.2"
backend = "cargo:cargo-release"

[[tools."cargo:cargo-watch"]]
version = "8.5.3"
backend = "cargo:cargo-watch"

[[tools."cargo:git-cliff"]]
version = "2.13.1"
backend = "cargo:git-cliff"

[[tools."cargo:mdbook"]]
version = "0.5.3"
backend = "cargo:mdbook"

[[tools."cargo:mdbook-admonish"]]
version = "1.20.0"
backend = "cargo:mdbook-admonish"

[[tools."cargo:mdbook-i18n-helpers"]]
version = "0.4.0"
backend = "cargo:mdbook-i18n-helpers"

[[tools."cargo:mdbook-linkcheck"]]
version = "0.7.7"
backend = "cargo:mdbook-linkcheck"

[[tools."cargo:mdbook-mermaid"]]
version = "0.17.0"
backend = "cargo:mdbook-mermaid"

[[tools."cargo:mdbook-open-on-gh"]]
version = "3.0.0"
backend = "cargo:mdbook-open-on-gh"

[[tools."cargo:mdbook-tabs"]]
version = "1.0.4"
backend = "cargo:mdbook-tabs"

[[tools."cargo:mdbook-toc"]]
version = "0.15.4"
backend = "cargo:mdbook-toc"

[[tools.docker-cli]]
version = "29.6.0"
backend = "aqua:docker/cli"

[tools.docker-cli."platforms.linux-arm64"]
url = "https://download.docker.com/linux/static/stable/aarch64/docker-29.6.0.tgz"

[tools.docker-cli."platforms.linux-arm64-musl"]
url = "https://download.docker.com/linux/static/stable/aarch64/docker-29.6.0.tgz"

[tools.docker-cli."platforms.linux-x64"]
url = "https://download.docker.com/linux/static/stable/x86_64/docker-29.6.0.tgz"

[tools.docker-cli."platforms.linux-x64-baseline"]
url = "https://download.docker.com/linux/static/stable/x86_64/docker-29.6.0.tgz"

[tools.docker-cli."platforms.linux-x64-musl"]
url = "https://download.docker.com/linux/static/stable/x86_64/docker-29.6.0.tgz"

[tools.docker-cli."platforms.linux-x64-musl-baseline"]
url = "https://download.docker.com/linux/static/stable/x86_64/docker-29.6.0.tgz"

[tools.docker-cli."platforms.macos-arm64"]
url = "https://download.docker.com/mac/static/stable/aarch64/docker-29.6.0.tgz"

[tools.docker-cli."platforms.macos-x64"]
url = "https://download.docker.com/mac/static/stable/x86_64/docker-29.6.0.tgz"

[tools.docker-cli."platforms.macos-x64-baseline"]
url = "https://download.docker.com/mac/static/stable/x86_64/docker-29.6.0.tgz"

[tools.docker-cli."platforms.windows-x64"]
url = "https://download.docker.com/win/static/stable/x86_64/docker-29.6.0.zip"

[tools.docker-cli."platforms.windows-x64-baseline"]
url = "https://download.docker.com/win/static/stable/x86_64/docker-29.6.0.zip"

[[tools.docker-compose]]
version = "5.1.4"
backend = "aqua:docker/compose"

[tools.docker-compose."platforms.linux-arm64"]
checksum = "sha256:d4fb48b72857810314d3ee77123c89954101844efa4788031221f4c370495946"
url = "https://github.com/docker/compose/releases/download/v5.1.4/docker-compose-linux-aarch64"

[tools.docker-compose."platforms.linux-arm64-musl"]
checksum = "sha256:d4fb48b72857810314d3ee77123c89954101844efa4788031221f4c370495946"
url = "https://github.com/docker/compose/releases/download/v5.1.4/docker-compose-linux-aarch64"

[tools.docker-compose."platforms.linux-x64"]
checksum = "sha256:33b208d7e76639db742fae84b966cc01dacae58ca3fc4dabbc907045aefdf0c4"
url = "https://github.com/docker/compose/releases/download/v5.1.4/docker-compose-linux-x86_64"

[tools.docker-compose."platforms.linux-x64-baseline"]
checksum = "sha256:33b208d7e76639db742fae84b966cc01dacae58ca3fc4dabbc907045aefdf0c4"
url = "https://github.com/docker/compose/releases/download/v5.1.4/docker-compose-linux-x86_64"

[tools.docker-compose."platforms.linux-x64-musl"]
checksum = "sha256:33b208d7e76639db742fae84b966cc01dacae58ca3fc4dabbc907045aefdf0c4"
url = "https://github.com/docker/compose/releases/download/v5.1.4/docker-compose-linux-x86_64"

[tools.docker-compose."platforms.linux-x64-musl-baseline"]
checksum = "sha256:33b208d7e76639db742fae84b966cc01dacae58ca3fc4dabbc907045aefdf0c4"
url = "https://github.com/docker/compose/releases/download/v5.1.4/docker-compose-linux-x86_64"

[tools.docker-compose."platforms.macos-arm64"]
checksum = "sha256:4cad7fc67dd089a598a15598ad38d04e6f23bf299846d26b2c572f1f96a7c49f"
url = "https://github.com/docker/compose/releases/download/v5.1.4/docker-compose-darwin-aarch64"

[tools.docker-compose."platforms.macos-x64"]
checksum = "sha256:c6f6915295918b59c2848e8978612691fdbbef05cae8cae3b78b10aec3e3dbc7"
url = "https://github.com/docker/compose/releases/download/v5.1.4/docker-compose-darwin-x86_64"

[tools.docker-compose."platforms.macos-x64-baseline"]
checksum = "sha256:c6f6915295918b59c2848e8978612691fdbbef05cae8cae3b78b10aec3e3dbc7"
url = "https://github.com/docker/compose/releases/download/v5.1.4/docker-compose-darwin-x86_64"

[tools.docker-compose."platforms.windows-x64"]
checksum = "sha256:e1a8faff28c7433635201a2222171b727f33ecdb0ed367e54d162d00432f39aa"
url = "https://github.com/docker/compose/releases/download/v5.1.4/docker-compose-windows-x86_64.exe"

[tools.docker-compose."platforms.windows-x64-baseline"]
checksum = "sha256:e1a8faff28c7433635201a2222171b727f33ecdb0ed367e54d162d00432f39aa"
url = "https://github.com/docker/compose/releases/download/v5.1.4/docker-compose-windows-x86_64.exe"

[[tools.grype]]
version = "0.114.0"
backend = "aqua:anchore/grype"

[tools.grype."platforms.linux-arm64"]
checksum = "sha256:553e4c36d9d61349830ba6034d43b8700a7f10576d3e2f4981c0fd2b96086465"
url = "https://github.com/anchore/grype/releases/download/v0.114.0/grype_0.114.0_linux_arm64.tar.gz"

[tools.grype."platforms.linux-arm64-musl"]
checksum = "sha256:553e4c36d9d61349830ba6034d43b8700a7f10576d3e2f4981c0fd2b96086465"
url = "https://github.com/anchore/grype/releases/download/v0.114.0/grype_0.114.0_linux_arm64.tar.gz"

[tools.grype."platforms.linux-x64"]
checksum = "sha256:edda0968d8827daab01d32b3cd7de192ae0915005e7bbfcfef9e68e79bc43343"
url = "https://github.com/anchore/grype/releases/download/v0.114.0/grype_0.114.0_linux_amd64.tar.gz"

[tools.grype."platforms.linux-x64-baseline"]
checksum = "sha256:edda0968d8827daab01d32b3cd7de192ae0915005e7bbfcfef9e68e79bc43343"
url = "https://github.com/anchore/grype/releases/download/v0.114.0/grype_0.114.0_linux_amd64.tar.gz"

[tools.grype."platforms.linux-x64-musl"]
checksum = "sha256:edda0968d8827daab01d32b3cd7de192ae0915005e7bbfcfef9e68e79bc43343"
url = "https://github.com/anchore/grype/releases/download/v0.114.0/grype_0.114.0_linux_amd64.tar.gz"

[tools.grype."platforms.linux-x64-musl-baseline"]
checksum = "sha256:edda0968d8827daab01d32b3cd7de192ae0915005e7bbfcfef9e68e79bc43343"
url = "https://github.com/anchore/grype/releases/download/v0.114.0/grype_0.114.0_linux_amd64.tar.gz"

[tools.grype."platforms.macos-arm64"]
checksum = "sha256:c750fc57d0558d08428efb6072f76c8ad259f4029366544605e5285f80158a03"
url = "https://github.com/anchore/grype/releases/download/v0.114.0/grype_0.114.0_darwin_arm64.tar.gz"

[tools.grype."platforms.macos-x64"]
checksum = "sha256:1e91f374d2db0285120501fe9d478048575ea671820c9fd7d1114df63320363a"
url = "https://github.com/anchore/grype/releases/download/v0.114.0/grype_0.114.0_darwin_amd64.tar.gz"

[tools.grype."platforms.macos-x64-baseline"]
checksum = "sha256:1e91f374d2db0285120501fe9d478048575ea671820c9fd7d1114df63320363a"
url = "https://github.com/anchore/grype/releases/download/v0.114.0/grype_0.114.0_darwin_amd64.tar.gz"

[tools.grype."platforms.windows-x64"]
checksum = "sha256:64eb27212b01deadfaa29259e463f4677b28f5cc3e6a9947e2863ce6dd181f97"
url = "https://github.com/anchore/grype/releases/download/v0.114.0/grype_0.114.0_windows_amd64.zip"

[tools.grype."platforms.windows-x64-baseline"]
checksum = "sha256:64eb27212b01deadfaa29259e463f4677b28f5cc3e6a9947e2863ce6dd181f97"
url = "https://github.com/anchore/grype/releases/download/v0.114.0/grype_0.114.0_windows_amd64.zip"

[[tools.just]]
version = "1.53.0"
backend = "aqua:casey/just"

[tools.just."platforms.linux-arm64"]
checksum = "sha256:f29d8e72380bc144465f632c7d59da311205eef2923d57511708b05b82f2e64f"
url = "https://github.com/casey/just/releases/download/1.53.0/just-1.53.0-aarch64-unknown-linux-musl.tar.gz"

[tools.just."platforms.linux-arm64-musl"]
checksum = "sha256:f29d8e72380bc144465f632c7d59da311205eef2923d57511708b05b82f2e64f"
url = "https://github.com/casey/just/releases/download/1.53.0/just-1.53.0-aarch64-unknown-linux-musl.tar.gz"

[tools.just."platforms.linux-x64"]
checksum = "sha256:7fedeb22c7e14d9ef1551e8b793700866d80f409f9884b0e80ebb65c11d4874d"
url = "https://github.com/casey/just/releases/download/1.53.0/just-1.53.0-x86_64-unknown-linux-musl.tar.gz"

[tools.just."platforms.linux-x64-baseline"]
checksum = "sha256:7fedeb22c7e14d9ef1551e8b793700866d80f409f9884b0e80ebb65c11d4874d"
url = "https://github.com/casey/just/releases/download/1.53.0/just-1.53.0-x86_64-unknown-linux-musl.tar.gz"

[tools.just."platforms.linux-x64-musl"]
checksum = "sha256:7fedeb22c7e14d9ef1551e8b793700866d80f409f9884b0e80ebb65c11d4874d"
url = "https://github.com/casey/just/releases/download/1.53.0/just-1.53.0-x86_64-unknown-linux-musl.tar.gz"

[tools.just."platforms.linux-x64-musl-baseline"]
checksum = "sha256:7fedeb22c7e14d9ef1551e8b793700866d80f409f9884b0e80ebb65c11d4874d"
url = "https://github.com/casey/just/releases/download/1.53.0/just-1.53.0-x86_64-unknown-linux-musl.tar.gz"

[tools.just."platforms.macos-arm64"]
checksum = "sha256:27f1361f2e4fb5d733837f1a9f80f85c237e5a36c75ee14961e59141713aa4ed"
url = "https://github.com/casey/just/releases/download/1.53.0/just-1.53.0-aarch64-apple-darwin.tar.gz"

[tools.just."platforms.macos-x64"]
checksum = "sha256:bc345a26d40ae4697cb6b2f2ca04cdf1fbdc8c50eba1b40684c8bf3f98555d72"
url = "https://github.com/casey/just/releases/download/1.53.0/just-1.53.0-x86_64-apple-darwin.tar.gz"

[tools.just."platforms.macos-x64-baseline"]
checksum = "sha256:bc345a26d40ae4697cb6b2f2ca04cdf1fbdc8c50eba1b40684c8bf3f98555d72"
url = "https://github.com/casey/just/releases/download/1.53.0/just-1.53.0-x86_64-apple-darwin.tar.gz"

[tools.just."platforms.windows-x64"]
checksum = "sha256:02308af0c174d3e0286f6bfc2b020258a3e12cd0c52c1d16fac8ef2c12dea0af"
url = "https://github.com/casey/just/releases/download/1.53.0/just-1.53.0-x86_64-pc-windows-msvc.zip"

[tools.just."platforms.windows-x64-baseline"]
checksum = "sha256:02308af0c174d3e0286f6bfc2b020258a3e12cd0c52c1d16fac8ef2c12dea0af"
url = "https://github.com/casey/just/releases/download/1.53.0/just-1.53.0-x86_64-pc-windows-msvc.zip"

[[tools.lychee]]
version = "0.24.2"
backend = "aqua:lycheeverse/lychee"

[tools.lychee."platforms.linux-arm64"]
checksum = "sha256:5d0b0e3aeab240f41920c633a6eaf97599be6eedda034b36e858ede7dba5e535"
url = "https://github.com/lycheeverse/lychee/releases/download/lychee-v0.24.2/lychee-aarch64-unknown-linux-musl.tar.gz"

[tools.lychee."platforms.linux-arm64-musl"]
checksum = "sha256:5d0b0e3aeab240f41920c633a6eaf97599be6eedda034b36e858ede7dba5e535"
url = "https://github.com/lycheeverse/lychee/releases/download/lychee-v0.24.2/lychee-aarch64-unknown-linux-musl.tar.gz"

[tools.lychee."platforms.linux-x64"]
checksum = "sha256:73657a111819a30c47c08352896796f23d64e4eb2b3ed39b6d32149241566fc5"
url = "https://github.com/lycheeverse/lychee/releases/download/lychee-v0.24.2/lychee-x86_64-unknown-linux-musl.tar.gz"

[tools.lychee."platforms.linux-x64-baseline"]
checksum = "sha256:73657a111819a30c47c08352896796f23d64e4eb2b3ed39b6d32149241566fc5"
url = "https://github.com/lycheeverse/lychee/releases/download/lychee-v0.24.2/lychee-x86_64-unknown-linux-musl.tar.gz"

[tools.lychee."platforms.linux-x64-musl"]
checksum = "sha256:73657a111819a30c47c08352896796f23d64e4eb2b3ed39b6d32149241566fc5"
url = "https://github.com/lycheeverse/lychee/releases/download/lychee-v0.24.2/lychee-x86_64-unknown-linux-musl.tar.gz"

[tools.lychee."platforms.linux-x64-musl-baseline"]
checksum = "sha256:73657a111819a30c47c08352896796f23d64e4eb2b3ed39b6d32149241566fc5"
url = "https://github.com/lycheeverse/lychee/releases/download/lychee-v0.24.2/lychee-x86_64-unknown-linux-musl.tar.gz"

[tools.lychee."platforms.macos-arm64"]
checksum = "sha256:c9d3740ea2d891854d37116c9fba840f37b6e7c89d330e7db84ac333631c4977"
url = "https://github.com/lycheeverse/lychee/releases/download/lychee-v0.24.2/lychee-aarch64-apple-darwin.tar.gz"

[tools.lychee."platforms.macos-x64"]
checksum = "sha256:887503a9cff667d322b8d0892b40bf49976eb9507af8483220a3706cdad55978"
url = "https://github.com/lycheeverse/lychee/releases/download/lychee-v0.24.2/lychee-x86_64-apple-darwin.tar.gz"

[tools.lychee."platforms.macos-x64-baseline"]
checksum = "sha256:887503a9cff667d322b8d0892b40bf49976eb9507af8483220a3706cdad55978"
url = "https://github.com/lycheeverse/lychee/releases/download/lychee-v0.24.2/lychee-x86_64-apple-darwin.tar.gz"

[tools.lychee."platforms.windows-x64"]
checksum = "sha256:32975d1493ee1a975d6bb41e4fb56fe419cb442ded628bb772ba2e614acfacad"
url = "https://github.com/lycheeverse/lychee/releases/download/lychee-v0.24.2/lychee-x86_64-pc-windows-msvc.zip"

[tools.lychee."platforms.windows-x64-baseline"]
checksum = "sha256:32975d1493ee1a975d6bb41e4fb56fe419cb442ded628bb772ba2e614acfacad"
url = "https://github.com/lycheeverse/lychee/releases/download/lychee-v0.24.2/lychee-x86_64-pc-windows-msvc.zip"

[[tools.markdownlint-cli2]]
version = "0.22.1"
backend = "npm:markdownlint-cli2"

[[tools.oxlint]]
version = "1.71.0"
backend = "npm:oxlint"

[[tools."pipx:mdformat"]]
version = "0.7.21"
backend = "pipx:mdformat"

[tools."pipx:mdformat".options]
uvx_args = "--with mdformat-gfm --with mdformat-admon --with mdformat-config --with mdformat-footnote --with mdformat-simple-breaks --with mdformat-web --with mdformat-ruff --with mdformat-gfm-alerts --with mdformat-toc --with mdformat-front-matters"

[[tools."pipx:pre-commit"]]
version = "4.6.0"
backend = "pipx:pre-commit"

[[tools."pipx:sqlfluff"]]
version = "4.2.2"
backend = "pipx:sqlfluff"

[[tools.prettier]]
version = "3.8.4"
backend = "npm:prettier"

[[tools.python]]
version = "3.14.6"
backend = "core:python"

[tools.python."platforms.linux-arm64"]
checksum = "sha256:9124d5c41739d78a446f1f29c1953bf41071abcbf18e6daec201a27608648195"
url = "https://github.com/astral-sh/python-build-standalone/releases/download/20260610/cpython-3.14.6+20260610-aarch64-unknown-linux-gnu-install_only_stripped.tar.gz"
provenance = "github-attestations"

[tools.python."platforms.linux-arm64-musl"]
checksum = "sha256:5c75bea22f425ebc94912c618518a5aa4753eedeea6b5da5939f027d3a9c0fec"
url = "https://github.com/astral-sh/python-build-standalone/releases/download/20260610/cpython-3.14.6+20260610-aarch64-unknown-linux-musl-install_only_stripped.tar.gz"
provenance = "github-attestations"

[tools.python."platforms.linux-x64"]
checksum = "sha256:0881fbde2c78605720fb2e240d1a6df38652a896e40a5fce2e10908dbee5f5b7"
url = "https://github.com/astral-sh/python-build-standalone/releases/download/20260610/cpython-3.14.6+20260610-x86_64-unknown-linux-gnu-install_only_stripped.tar.gz"
provenance = "github-attestations"

[tools.python."platforms.linux-x64-baseline"]
checksum = "sha256:0881fbde2c78605720fb2e240d1a6df38652a896e40a5fce2e10908dbee5f5b7"
url = "https://github.com/astral-sh/python-build-standalone/releases/download/20260610/cpython-3.14.6+20260610-x86_64-unknown-linux-gnu-install_only_stripped.tar.gz"
provenance = "github-attestations"

[tools.python."platforms.linux-x64-musl"]
checksum = "sha256:54eca143d09ed3c596ecad5e3bfcb7724387818f8f984f44f3d8c0e9f36681d3"
url = "https://github.com/astral-sh/python-build-standalone/releases/download/20260610/cpython-3.14.6+20260610-x86_64-unknown-linux-musl-install_only_stripped.tar.gz"
provenance = "github-attestations"

[tools.python."platforms.linux-x64-musl-baseline"]
checksum = "sha256:54eca143d09ed3c596ecad5e3bfcb7724387818f8f984f44f3d8c0e9f36681d3"
url = "https://github.com/astral-sh/python-build-standalone/releases/download/20260610/cpython-3.14.6+20260610-x86_64-unknown-linux-musl-install_only_stripped.tar.gz"
provenance = "github-attestations"

[tools.python."platforms.macos-arm64"]
checksum = "sha256:875516e13be36296f8f7dd0972b22ba3bed069ed08d27d5f0069caf227522921"
url = "https://github.com/astral-sh/python-build-standalone/releases/download/20260610/cpython-3.14.6+20260610-aarch64-apple-darwin-install_only_stripped.tar.gz"
provenance = "github-attestations"

[tools.python."platforms.macos-x64"]
checksum = "sha256:6f85cbb2a0fef4b90fc63aadcfe383c22db5eb7933066ca6ea384828a6b3f2d2"
url = "https://github.com/astral-sh/python-build-standalone/releases/download/20260610/cpython-3.14.6+20260610-x86_64-apple-darwin-install_only_stripped.tar.gz"
provenance = "github-attestations"

[tools.python."platforms.macos-x64-baseline"]
checksum = "sha256:6f85cbb2a0fef4b90fc63aadcfe383c22db5eb7933066ca6ea384828a6b3f2d2"
url = "https://github.com/astral-sh/python-build-standalone/releases/download/20260610/cpython-3.14.6+20260610-x86_64-apple-darwin-install_only_stripped.tar.gz"
provenance = "github-attestations"

[tools.python."platforms.windows-x64"]
checksum = "sha256:49f0c7e8d1c2eaba70c5516ca6c01b6b766f6ff473f1209a76fd01783e7c75ae"
url = "https://github.com/astral-sh/python-build-standalone/releases/download/20260610/cpython-3.14.6+20260610-x86_64-pc-windows-msvc-install_only_stripped.tar.gz"
provenance = "github-attestations"

[tools.python."platforms.windows-x64-baseline"]
checksum = "sha256:49f0c7e8d1c2eaba70c5516ca6c01b6b766f6ff473f1209a76fd01783e7c75ae"
url = "https://github.com/astral-sh/python-build-standalone/releases/download/20260610/cpython-3.14.6+20260610-x86_64-pc-windows-msvc-install_only_stripped.tar.gz"
provenance = "github-attestations"

[[tools.python]]
version = "3.14.3"
backend = "core:python"

[tools.python."platforms.linux-arm64"]
checksum = "sha256:53700338695e402a1a1fe22be4a41fbdacc70e22bb308a48eca8ed67cb7992be"
url = "https://github.com/astral-sh/python-build-standalone/releases/download/20260324/cpython-3.14.3+20260324-aarch64-unknown-linux-gnu-install_only_stripped.tar.gz"
provenance = "github-attestations"

[tools.python."platforms.linux-arm64-musl"]
checksum = "sha256:7e7aac764cfaba6f412cf7417cc34c69e623cd40d39c78435946ca1a4bc52b14"
url = "https://github.com/astral-sh/python-build-standalone/releases/download/20260324/cpython-3.14.3+20260324-aarch64-unknown-linux-musl-install_only_stripped.tar.gz"
provenance = "github-attestations"

[tools.python."platforms.linux-x64"]
checksum = "sha256:d7a9f970914bb4c88756fe3bdcc186d4feb90e9500e54f1db47dae4dc9687e39"
url = "https://github.com/astral-sh/python-build-standalone/releases/download/20260324/cpython-3.14.3+20260324-x86_64-unknown-linux-gnu-install_only_stripped.tar.gz"
provenance = "github-attestations"

[tools.python."platforms.linux-x64-baseline"]
checksum = "sha256:d7a9f970914bb4c88756fe3bdcc186d4feb90e9500e54f1db47dae4dc9687e39"
url = "https://github.com/astral-sh/python-build-standalone/releases/download/20260324/cpython-3.14.3+20260324-x86_64-unknown-linux-gnu-install_only_stripped.tar.gz"
provenance = "github-attestations"

[tools.python."platforms.linux-x64-musl"]
checksum = "sha256:c977de62ccfe09a63014546ad1e5c95f157a11594be65df302a88cdcae96fbe7"
url = "https://github.com/astral-sh/python-build-standalone/releases/download/20260324/cpython-3.14.3+20260324-x86_64-unknown-linux-musl-install_only_stripped.tar.gz"
provenance = "github-attestations"

[tools.python."platforms.linux-x64-musl-baseline"]
checksum = "sha256:c977de62ccfe09a63014546ad1e5c95f157a11594be65df302a88cdcae96fbe7"
url = "https://github.com/astral-sh/python-build-standalone/releases/download/20260324/cpython-3.14.3+20260324-x86_64-unknown-linux-musl-install_only_stripped.tar.gz"
provenance = "github-attestations"

[tools.python."platforms.macos-arm64"]
checksum = "sha256:c43aecde4a663aebff99b9b83da0efec506479f1c3f98331442f33d2c43501f9"
url = "https://github.com/astral-sh/python-build-standalone/releases/download/20260324/cpython-3.14.3+20260324-aarch64-apple-darwin-install_only_stripped.tar.gz"
provenance = "github-attestations"

[tools.python."platforms.macos-x64"]
checksum = "sha256:9ab41dbc2f100a2a45d1833b9c11165f51051c558b5213eda9a9731d5948a0c0"
url = "https://github.com/astral-sh/python-build-standalone/releases/download/20260324/cpython-3.14.3+20260324-x86_64-apple-darwin-install_only_stripped.tar.gz"
provenance = "github-attestations"

[tools.python."platforms.macos-x64-baseline"]
checksum = "sha256:9ab41dbc2f100a2a45d1833b9c11165f51051c558b5213eda9a9731d5948a0c0"
url = "https://github.com/astral-sh/python-build-standalone/releases/download/20260324/cpython-3.14.3+20260324-x86_64-apple-darwin-install_only_stripped.tar.gz"
provenance = "github-attestations"

[tools.python."platforms.windows-x64"]
checksum = "sha256:bbe19034b35b0267176a7442575ae7dc6343480fd4d35598cb7700173d431e09"
url = "https://github.com/astral-sh/python-build-standalone/releases/download/20260324/cpython-3.14.3+20260324-x86_64-pc-windows-msvc-install_only_stripped.tar.gz"
provenance = "github-attestations"

[tools.python."platforms.windows-x64-baseline"]
checksum = "sha256:bbe19034b35b0267176a7442575ae7dc6343480fd4d35598cb7700173d431e09"
url = "https://github.com/astral-sh/python-build-standalone/releases/download/20260324/cpython-3.14.3+20260324-x86_64-pc-windows-msvc-install_only_stripped.tar.gz"
provenance = "github-attestations"

[[tools.ruff]]
version = "0.15.18"
backend = "aqua:astral-sh/ruff"

[tools.ruff."platforms.linux-arm64"]
checksum = "sha256:941eb7a7b8bc11f195a08393bb45def1656003031cff89af3805ca89cfd066b4"
url = "https://github.com/astral-sh/ruff/releases/download/0.15.18/ruff-aarch64-unknown-linux-musl.tar.gz"
provenance = "github-attestations"

[tools.ruff."platforms.linux-arm64-musl"]
checksum = "sha256:941eb7a7b8bc11f195a08393bb45def1656003031cff89af3805ca89cfd066b4"
url = "https://github.com/astral-sh/ruff/releases/download/0.15.18/ruff-aarch64-unknown-linux-musl.tar.gz"
provenance = "github-attestations"

[tools.ruff."platforms.linux-x64"]
checksum = "sha256:9ca54aec52cfdbe1e708cc975e41e3e736a2c1ebe76668575efe09e0701465c8"
url = "https://github.com/astral-sh/ruff/releases/download/0.15.18/ruff-x86_64-unknown-linux-musl.tar.gz"
provenance = "github-attestations"

[tools.ruff."platforms.linux-x64-baseline"]
checksum = "sha256:9ca54aec52cfdbe1e708cc975e41e3e736a2c1ebe76668575efe09e0701465c8"
url = "https://github.com/astral-sh/ruff/releases/download/0.15.18/ruff-x86_64-unknown-linux-musl.tar.gz"
provenance = "github-attestations"

[tools.ruff."platforms.linux-x64-musl"]
checksum = "sha256:9ca54aec52cfdbe1e708cc975e41e3e736a2c1ebe76668575efe09e0701465c8"
url = "https://github.com/astral-sh/ruff/releases/download/0.15.18/ruff-x86_64-unknown-linux-musl.tar.gz"
provenance = "github-attestations"

[tools.ruff."platforms.linux-x64-musl-baseline"]
checksum = "sha256:9ca54aec52cfdbe1e708cc975e41e3e736a2c1ebe76668575efe09e0701465c8"
url = "https://github.com/astral-sh/ruff/releases/download/0.15.18/ruff-x86_64-unknown-linux-musl.tar.gz"
provenance = "github-attestations"

[tools.ruff."platforms.macos-arm64"]
checksum = "sha256:f0cc66c2df37f2a11c99a85b59b8fde21b37f61df062404a0afaed387b56dad0"
url = "https://github.com/astral-sh/ruff/releases/download/0.15.18/ruff-aarch64-apple-darwin.tar.gz"
provenance = "github-attestations"

[tools.ruff."platforms.macos-x64"]
checksum = "sha256:229d2c192718fde76794185ab9339515b75a55cc1337e4ca9d60309e2c506900"
url = "https://github.com/astral-sh/ruff/releases/download/0.15.18/ruff-x86_64-apple-darwin.tar.gz"
provenance = "github-attestations"

[tools.ruff."platforms.macos-x64-baseline"]
checksum = "sha256:229d2c192718fde76794185ab9339515b75a55cc1337e4ca9d60309e2c506900"
url = "https://github.com/astral-sh/ruff/releases/download/0.15.18/ruff-x86_64-apple-darwin.tar.gz"
provenance = "github-attestations"

[tools.ruff."platforms.windows-x64"]
checksum = "sha256:2c38db5fef5984c93db7bdc395c20c5c3470fafdd8deb72150db4d2da7870d07"
url = "https://github.com/astral-sh/ruff/releases/download/0.15.18/ruff-x86_64-pc-windows-msvc.zip"
provenance = "github-attestations"

[tools.ruff."platforms.windows-x64-baseline"]
checksum = "sha256:2c38db5fef5984c93db7bdc395c20c5c3470fafdd8deb72150db4d2da7870d07"
url = "https://github.com/astral-sh/ruff/releases/download/0.15.18/ruff-x86_64-pc-windows-msvc.zip"
provenance = "github-attestations"

[[tools.rust]]
version = "stable"
backend = "core:rust"

[tools.rust.options]
components = "cargo,clippy,llvm-tools,rustfmt"
profile = "default"

[[tools.shellcheck]]
version = "0.11.0"
backend = "aqua:koalaman/shellcheck"

[tools.shellcheck."platforms.linux-arm64"]
checksum = "sha256:12b331c1d2db6b9eb13cfca64306b1b157a86eb69db83023e261eaa7e7c14588"
url = "https://github.com/koalaman/shellcheck/releases/download/v0.11.0/shellcheck-v0.11.0.linux.aarch64.tar.xz"

[tools.shellcheck."platforms.linux-arm64-musl"]
checksum = "sha256:12b331c1d2db6b9eb13cfca64306b1b157a86eb69db83023e261eaa7e7c14588"
url = "https://github.com/koalaman/shellcheck/releases/download/v0.11.0/shellcheck-v0.11.0.linux.aarch64.tar.xz"

[tools.shellcheck."platforms.linux-x64"]
checksum = "sha256:8c3be12b05d5c177a04c29e3c78ce89ac86f1595681cab149b65b97c4e227198"
url = "https://github.com/koalaman/shellcheck/releases/download/v0.11.0/shellcheck-v0.11.0.linux.x86_64.tar.xz"

[tools.shellcheck."platforms.linux-x64-baseline"]
checksum = "sha256:8c3be12b05d5c177a04c29e3c78ce89ac86f1595681cab149b65b97c4e227198"
url = "https://github.com/koalaman/shellcheck/releases/download/v0.11.0/shellcheck-v0.11.0.linux.x86_64.tar.xz"

[tools.shellcheck."platforms.linux-x64-musl"]
checksum = "sha256:8c3be12b05d5c177a04c29e3c78ce89ac86f1595681cab149b65b97c4e227198"
url = "https://github.com/koalaman/shellcheck/releases/download/v0.11.0/shellcheck-v0.11.0.linux.x86_64.tar.xz"

[tools.shellcheck."platforms.linux-x64-musl-baseline"]
checksum = "sha256:8c3be12b05d5c177a04c29e3c78ce89ac86f1595681cab149b65b97c4e227198"
url = "https://github.com/koalaman/shellcheck/releases/download/v0.11.0/shellcheck-v0.11.0.linux.x86_64.tar.xz"

[tools.shellcheck."platforms.macos-arm64"]
checksum = "sha256:56affdd8de5527894dca6dc3d7e0a99a873b0f004d7aabc30ae407d3f48b0a79"
url = "https://github.com/koalaman/shellcheck/releases/download/v0.11.0/shellcheck-v0.11.0.darwin.aarch64.tar.xz"

[tools.shellcheck."platforms.macos-x64"]
checksum = "sha256:3c89db4edcab7cf1c27bff178882e0f6f27f7afdf54e859fa041fca10febe4c6"
url = "https://github.com/koalaman/shellcheck/releases/download/v0.11.0/shellcheck-v0.11.0.darwin.x86_64.tar.xz"

[tools.shellcheck."platforms.macos-x64-baseline"]
checksum = "sha256:3c89db4edcab7cf1c27bff178882e0f6f27f7afdf54e859fa041fca10febe4c6"
url = "https://github.com/koalaman/shellcheck/releases/download/v0.11.0/shellcheck-v0.11.0.darwin.x86_64.tar.xz"

[tools.shellcheck."platforms.windows-x64"]
checksum = "sha256:8a4e35ab0b331c85d73567b12f2a444df187f483e5079ceffa6bda1faa2e740e"
url = "https://github.com/koalaman/shellcheck/releases/download/v0.11.0/shellcheck-v0.11.0.zip"

[tools.shellcheck."platforms.windows-x64-baseline"]
checksum = "sha256:8a4e35ab0b331c85d73567b12f2a444df187f483e5079ceffa6bda1faa2e740e"
url = "https://github.com/koalaman/shellcheck/releases/download/v0.11.0/shellcheck-v0.11.0.zip"

[[tools.syft]]
version = "1.45.1"
backend = "aqua:anchore/syft"

[tools.syft."platforms.linux-arm64"]
checksum = "sha256:7df9f45cba1f6358ecfc7fac349d43b4605137001f9646b41267abe15a7c6cd7"
url = "https://github.com/anchore/syft/releases/download/v1.45.1/syft_1.45.1_linux_arm64.tar.gz"

[tools.syft."platforms.linux-arm64-musl"]
checksum = "sha256:7df9f45cba1f6358ecfc7fac349d43b4605137001f9646b41267abe15a7c6cd7"
url = "https://github.com/anchore/syft/releases/download/v1.45.1/syft_1.45.1_linux_arm64.tar.gz"

[tools.syft."platforms.linux-x64"]
checksum = "sha256:20c84195e24927f50a3b2269946be51f4c4abc9d2f145fee7388b4199149f716"
url = "https://github.com/anchore/syft/releases/download/v1.45.1/syft_1.45.1_linux_amd64.tar.gz"

[tools.syft."platforms.linux-x64-baseline"]
checksum = "sha256:20c84195e24927f50a3b2269946be51f4c4abc9d2f145fee7388b4199149f716"
url = "https://github.com/anchore/syft/releases/download/v1.45.1/syft_1.45.1_linux_amd64.tar.gz"

[tools.syft."platforms.linux-x64-musl"]
checksum = "sha256:20c84195e24927f50a3b2269946be51f4c4abc9d2f145fee7388b4199149f716"
url = "https://github.com/anchore/syft/releases/download/v1.45.1/syft_1.45.1_linux_amd64.tar.gz"

[tools.syft."platforms.linux-x64-musl-baseline"]
checksum = "sha256:20c84195e24927f50a3b2269946be51f4c4abc9d2f145fee7388b4199149f716"
url = "https://github.com/anchore/syft/releases/download/v1.45.1/syft_1.45.1_linux_amd64.tar.gz"

[tools.syft."platforms.macos-arm64"]
checksum = "sha256:2f79ccbba6236636125d1ece60a6dc71d4e4f91b9f580cc2afbbafc763ff353d"
url = "https://github.com/anchore/syft/releases/download/v1.45.1/syft_1.45.1_darwin_arm64.tar.gz"

[tools.syft."platforms.macos-x64"]
checksum = "sha256:abe6e73b819f433b69ece755dc180a19c7694896062bf806f89d0e3ca5db710a"
url = "https://github.com/anchore/syft/releases/download/v1.45.1/syft_1.45.1_darwin_amd64.tar.gz"

[tools.syft."platforms.macos-x64-baseline"]
checksum = "sha256:abe6e73b819f433b69ece755dc180a19c7694896062bf806f89d0e3ca5db710a"
url = "https://github.com/anchore/syft/releases/download/v1.45.1/syft_1.45.1_darwin_amd64.tar.gz"

[tools.syft."platforms.windows-x64"]
checksum = "sha256:a9d12c26521e09213745884b8b7dc361dff83188c3a1ada0da1af71012dbcd52"
url = "https://github.com/anchore/syft/releases/download/v1.45.1/syft_1.45.1_windows_amd64.zip"

[tools.syft."platforms.windows-x64-baseline"]
checksum = "sha256:a9d12c26521e09213745884b8b7dc361dff83188c3a1ada0da1af71012dbcd52"
url = "https://github.com/anchore/syft/releases/download/v1.45.1/syft_1.45.1_windows_amd64.zip"
